
Microsoft Visual Studio Solution File, Format Version 12.00
# Visual Studio Version 17
VisualStudioVersion = 17.3.32929.385
MinimumVisualStudioVersion = 10.0.40219.1
Project("{9A19103F-16F7-4668-BE54-9A1E7A4F7556}") = "CKK.Logic", "CKK.Logic\CKK.Logic.csproj", "{314D6B38-CA5F-40B5-8929-2E6CE9136F3C}"
EndProject
Project("{9A19103F-16F7-4668-BE54-9A1E7A4F7556}") = "CKK.Tests", "CKK.Tests\CKK.Tests.csproj", "{A02F4F4E-5270-47F9-8266-758AEF75639B}"
EndProject
Project("{9A19103F-16F7-4668-BE54-9A1E7A4F7556}") = "CKK.UI", "CKK.UI\CKK.UI.csproj", "{4C23C678-E897-40F1-A883-6FE2ED7439BC}"
EndProject
Project("{9A19103F-16F7-4668-BE54-9A1E7A4F7556}") = "CKK.Persistance", "CKK.Persistance\CKK.Persistance.csproj", "{37CC3E4C-1733-4596-8AB3-AC4C1C8972F1}"
EndProject
Project("{9A19103F-16F7-4668-BE54-9A1E7A4F7556}") = "CKK.DB", "CKK.DB\CKK.DB.csproj", "{F5A2AB00-B2EF-4590-8967-0C8EE4FE0799}"
EndProject
Project("{9A19103F-16F7-4668-BE54-9A1E7A4F7556}") = "CKK.Online", "CKK.Online\CKK.Online.csproj", "{AEAFE450-6ED4-499D-81D2-303DA4AAA0BB}"
EndProject
Global
	GlobalSection(SolutionConfigurationPlatforms) = preSolution
		Debug|Any CPU = Debug|Any CPU
		Release|Any CPU = Release|Any CPU
	EndGlobalSection
	GlobalSection(ProjectConfigurationPlatforms) = postSolution
		{314D6B38-CA5F-40B5-8929-2E6CE9136F3C}.Debug|Any CPU.ActiveCfg = Debug|Any CPU
		{314D6B38-CA5F-40B5-8929-2E6CE9136F3C}.Debug|Any CPU.Build.0 = Debug|Any CPU
		{314D6B38-CA5F-40B5-8929-2E6CE9136F3C}.Release|Any CPU.ActiveCfg = Release|Any CPU
		{314D6B38-CA5F-40B5-8929-2E6CE9136F3C}.Release|Any CPU.Build.0 = Release|Any CPU
		{A02F4F4E-5270-47F9-8266-758AEF75639B}.Debug|Any CPU.ActiveCfg = Debug|Any CPU
		{A02F4F4E-5270-47F9-8266-758AEF75639B}.Debug|Any CPU.Build.0 = Debug|Any CPU
		{A02F4F4E-5270-47F9-8266-758AEF75639B}.Release|Any CPU.ActiveCfg = Release|Any CPU
		{A02F4F4E-5270-47F9-8266-758AEF75639B}.Release|Any CPU.Build.0 = Release|Any CPU
		{4C23C678-E897-40F1-A883-6FE2ED7439BC}.Debug|Any CPU.ActiveCfg = Debug|Any CPU
		{4C23C678-E897-40F1-A883-6FE2ED7439BC}.Debug|Any CPU.Build.0 = Debug|Any CPU
		{4C23C678-E897-40F1-A883-6FE2ED7439BC}.Release|Any CPU.ActiveCfg = Release|Any CPU
		{4C23C678-E897-40F1-A883-6FE2ED7439BC}.Release|Any CPU.Build.0 = Release|Any CPU
		{37CC3E4C-1733-4596-8AB3-AC4C1C8972F1}.Debug|Any CPU.ActiveCfg = Debug|Any CPU
		{37CC3E4C-1733-4596-8AB3-AC4C1C8972F1}.Debug|Any CPU.Build.0 = Debug|Any CPU
		{37CC3E4C-1733-4596-8AB3-AC4C1C8972F1}.Release|Any CPU.ActiveCfg = Release|Any CPU
		{37CC3E4C-1733-4596-8AB3-AC4C1C8972F1}.Release|Any CPU.Build.0 = Release|Any CPU
		{F5A2AB00-B2EF-4590-8967-0C8EE4FE0799}.Debug|Any CPU.ActiveCfg = Debug|Any CPU
		{F5A2AB00-B2EF-4590-8967-0C8EE4FE0799}.Debug|Any CPU.Build.0 = Debug|Any CPU
		{F5A2AB00-B2EF-4590-8967-0C8EE4FE0799}.Release|Any CPU.ActiveCfg = Release|Any CPU
		{F5A2AB00-B2EF-4590-8967-0C8EE4FE0799}.Release|Any CPU.Build.0 = Release|Any CPU
		{AEAFE450-6ED4-499D-81D2-303DA4AAA0BB}.Debug|Any CPU.ActiveCfg = Debug|Any CPU
		{AEAFE450-6ED4-499D-81D2-303DA4AAA0BB}.Debug|Any CPU.Build.0 = Debug|Any CPU
		{AEAFE450-6ED4-499D-81D2-303DA4AAA0BB}.Release|Any CPU.ActiveCfg = Release|Any CPU
		{AEAFE450-6ED4-499D-81D2-303DA4AAA0BB}.Release|Any CPU.Build.0 = Release|Any CPU
	EndGlobalSection
	GlobalSection(SolutionProperties) = preSolution
		HideSolutionNode = FALSE
	EndGlobalSection
	GlobalSection(ExtensibilityGlobals) = postSolution
		SolutionGuid = {5E409AE9-2521-4E6F-ACED-FDCF05E8433E}
	EndGlobalSection
EndGlobal
